
Microsoft Visual Studio Solution File, Format Version 12.00
# Visual Studio 15
VisualStudioVersion = 15.0.26730.16
MinimumVisualStudioVersion = 10.0.40219.1
Project("{FAE04EC0-301F-11D3-BF4B-00C04F79EFBC}") = "171110 Černý5", "171110 Černý5\171110 Černý5.csproj", "{06F7154B-B395-45F3-8709-6E659E325E37}"
EndProject
Global
	GlobalSection(SolutionConfigurationPlatforms) = preSolution
		Debug|Any CPU = Debug|Any CPU
		Release|Any CPU = Release|Any CPU
	EndGlobalSection
	GlobalSection(ProjectConfigurationPlatforms) = postSolution
		{06F7154B-B395-45F3-8709-6E659E325E37}.Debug|Any CPU.ActiveCfg = Debug|Any CPU
		{06F7154B-B395-45F3-8709-6E659E325E37}.Debug|Any CPU.Build.0 = Debug|Any CPU
		{06F7154B-B395-45F3-8709-6E659E325E37}.Release|Any CPU.ActiveCfg = Release|Any CPU
		{06F7154B-B395-45F3-8709-6E659E325E37}.Release|Any CPU.Build.0 = Release|Any CPU
	EndGlobalSection
	GlobalSection(SolutionProperties) = preSolution
		HideSolutionNode = FALSE
	EndGlobalSection
	GlobalSection(ExtensibilityGlobals) = postSolution
		SolutionGuid = {0617D955-841B-43B1-B43E-39A8F0205395}
	EndGlobalSection
EndGlobal
