
Microsoft Visual Studio Solution File, Format Version 12.00
# Visual Studio 15
VisualStudioVersion = 15.0.27703.2000
MinimumVisualStudioVersion = 10.0.40219.1
Project("{FAE04EC0-301F-11D3-BF4B-00C04F79EFBC}") = "181025 Černý1", "181025 Černý1\181025 Černý1.csproj", "{75E6B8C2-7F6F-497A-8ACB-04A35320DB27}"
EndProject
Global
	GlobalSection(SolutionConfigurationPlatforms) = preSolution
		Debug|Any CPU = Debug|Any CPU
		Release|Any CPU = Release|Any CPU
	EndGlobalSection
	GlobalSection(ProjectConfigurationPlatforms) = postSolution
		{75E6B8C2-7F6F-497A-8ACB-04A35320DB27}.Debug|Any CPU.ActiveCfg = Debug|Any CPU
		{75E6B8C2-7F6F-497A-8ACB-04A35320DB27}.Debug|Any CPU.Build.0 = Debug|Any CPU
		{75E6B8C2-7F6F-497A-8ACB-04A35320DB27}.Release|Any CPU.ActiveCfg = Release|Any CPU
		{75E6B8C2-7F6F-497A-8ACB-04A35320DB27}.Release|Any CPU.Build.0 = Release|Any CPU
	EndGlobalSection
	GlobalSection(SolutionProperties) = preSolution
		HideSolutionNode = FALSE
	EndGlobalSection
	GlobalSection(ExtensibilityGlobals) = postSolution
		SolutionGuid = {6C5007BD-5C44-491A-B3F2-096ACBE80597}
	EndGlobalSection
EndGlobal
