
Microsoft Visual Studio Solution File, Format Version 12.00
# Visual Studio 15
VisualStudioVersion = 15.0.26730.16
MinimumVisualStudioVersion = 10.0.40219.1
Project("{FAE04EC0-301F-11D3-BF4B-00C04F79EFBC}") = "171110 Černý2", "171110 Černý2\171110 Černý2.csproj", "{BFC9F996-A24E-47BF-958A-33EC18E75E6A}"
EndProject
Global
	GlobalSection(SolutionConfigurationPlatforms) = preSolution
		Debug|Any CPU = Debug|Any CPU
		Release|Any CPU = Release|Any CPU
	EndGlobalSection
	GlobalSection(ProjectConfigurationPlatforms) = postSolution
		{BFC9F996-A24E-47BF-958A-33EC18E75E6A}.Debug|Any CPU.ActiveCfg = Debug|Any CPU
		{BFC9F996-A24E-47BF-958A-33EC18E75E6A}.Debug|Any CPU.Build.0 = Debug|Any CPU
		{BFC9F996-A24E-47BF-958A-33EC18E75E6A}.Release|Any CPU.ActiveCfg = Release|Any CPU
		{BFC9F996-A24E-47BF-958A-33EC18E75E6A}.Release|Any CPU.Build.0 = Release|Any CPU
	EndGlobalSection
	GlobalSection(SolutionProperties) = preSolution
		HideSolutionNode = FALSE
	EndGlobalSection
	GlobalSection(ExtensibilityGlobals) = postSolution
		SolutionGuid = {CDA3F0F6-D77D-42DA-AB54-C38C67500F95}
	EndGlobalSection
EndGlobal
