
Microsoft Visual Studio Solution File, Format Version 12.00
# Visual Studio 15
VisualStudioVersion = 15.0.26730.16
MinimumVisualStudioVersion = 10.0.40219.1
Project("{FAE04EC0-301F-11D3-BF4B-00C04F79EFBC}") = "171208 Černý5", "171208 Černý5\171208 Černý5.csproj", "{C67B5FC3-DE4D-4753-B3F2-B7D8C50FB41E}"
EndProject
Global
	GlobalSection(SolutionConfigurationPlatforms) = preSolution
		Debug|Any CPU = Debug|Any CPU
		Release|Any CPU = Release|Any CPU
	EndGlobalSection
	GlobalSection(ProjectConfigurationPlatforms) = postSolution
		{C67B5FC3-DE4D-4753-B3F2-B7D8C50FB41E}.Debug|Any CPU.ActiveCfg = Debug|Any CPU
		{C67B5FC3-DE4D-4753-B3F2-B7D8C50FB41E}.Debug|Any CPU.Build.0 = Debug|Any CPU
		{C67B5FC3-DE4D-4753-B3F2-B7D8C50FB41E}.Release|Any CPU.ActiveCfg = Release|Any CPU
		{C67B5FC3-DE4D-4753-B3F2-B7D8C50FB41E}.Release|Any CPU.Build.0 = Release|Any CPU
	EndGlobalSection
	GlobalSection(SolutionProperties) = preSolution
		HideSolutionNode = FALSE
	EndGlobalSection
	GlobalSection(ExtensibilityGlobals) = postSolution
		SolutionGuid = {25D8F42C-16A1-4310-9E64-32AD3C2DCC52}
	EndGlobalSection
EndGlobal
