
Microsoft Visual Studio Solution File, Format Version 12.00
# Visual Studio 15
VisualStudioVersion = 15.0.26730.16
MinimumVisualStudioVersion = 10.0.40219.1
Project("{FAE04EC0-301F-11D3-BF4B-00C04F79EFBC}") = "171215 Černý1", "171215 Černý1\171215 Černý1.csproj", "{E1CA5F72-D36B-456E-AF61-2D9DCDCFAE7C}"
EndProject
Global
	GlobalSection(SolutionConfigurationPlatforms) = preSolution
		Debug|Any CPU = Debug|Any CPU
		Release|Any CPU = Release|Any CPU
	EndGlobalSection
	GlobalSection(ProjectConfigurationPlatforms) = postSolution
		{E1CA5F72-D36B-456E-AF61-2D9DCDCFAE7C}.Debug|Any CPU.ActiveCfg = Debug|Any CPU
		{E1CA5F72-D36B-456E-AF61-2D9DCDCFAE7C}.Debug|Any CPU.Build.0 = Debug|Any CPU
		{E1CA5F72-D36B-456E-AF61-2D9DCDCFAE7C}.Release|Any CPU.ActiveCfg = Release|Any CPU
		{E1CA5F72-D36B-456E-AF61-2D9DCDCFAE7C}.Release|Any CPU.Build.0 = Release|Any CPU
	EndGlobalSection
	GlobalSection(SolutionProperties) = preSolution
		HideSolutionNode = FALSE
	EndGlobalSection
	GlobalSection(ExtensibilityGlobals) = postSolution
		SolutionGuid = {B8CEA657-7C22-4A45-8269-9A8A5F2E7ED4}
	EndGlobalSection
EndGlobal
